
Microsoft Visual Studio Solution File, Format Version 12.00
# Visual Studio Version 16
VisualStudioVersion = 16.0.30717.126
MinimumVisualStudioVersion = 10.0.40219.1
Project("{FAE04EC0-301F-11D3-BF4B-00C04F79EFBC}") = "Assignment_1_Cruse", "Assignment_1_Cruse.csproj", "{DBEB7BE5-4B0F-4F68-8ADF-59C39AB905E0}"
EndProject
Global
	GlobalSection(SolutionConfigurationPlatforms) = preSolution
		Debug|Any CPU = Debug|Any CPU
		Release|Any CPU = Release|Any CPU
	EndGlobalSection
	GlobalSection(ProjectConfigurationPlatforms) = postSolution
		{DBEB7BE5-4B0F-4F68-8ADF-59C39AB905E0}.Debug|Any CPU.ActiveCfg = Debug|Any CPU
		{DBEB7BE5-4B0F-4F68-8ADF-59C39AB905E0}.Debug|Any CPU.Build.0 = Debug|Any CPU
		{DBEB7BE5-4B0F-4F68-8ADF-59C39AB905E0}.Release|Any CPU.ActiveCfg = Release|Any CPU
		{DBEB7BE5-4B0F-4F68-8ADF-59C39AB905E0}.Release|Any CPU.Build.0 = Release|Any CPU
	EndGlobalSection
	GlobalSection(SolutionProperties) = preSolution
		HideSolutionNode = FALSE
	EndGlobalSection
	GlobalSection(ExtensibilityGlobals) = postSolution
		SolutionGuid = {59DB413B-1C05-4044-B433-BB07E95BAEBA}
	EndGlobalSection
EndGlobal
